
Microsoft Visual Studio Solution File, Format Version 12.00
# Visual Studio Version 17
VisualStudioVersion = 17.0.31903.59
MinimumVisualStudioVersion = 10.0.40219.1
Project("{FAE04EC0-301F-11D3-BF4B-00C04F79EFBC}") = "epicgamelolxd1337", "epicgamelolxd1337\epicgamelolxd1337.csproj", "{39C880B3-358B-4866-886B-B6125B5BF0A4}"
EndProject
Global
	GlobalSection(SolutionConfigurationPlatforms) = preSolution
		Debug|Any CPU = Debug|Any CPU
		Release|Any CPU = Release|Any CPU
	EndGlobalSection
	GlobalSection(ProjectConfigurationPlatforms) = postSolution
		{39C880B3-358B-4866-886B-B6125B5BF0A4}.Debug|Any CPU.ActiveCfg = Debug|Any CPU
		{39C880B3-358B-4866-886B-B6125B5BF0A4}.Debug|Any CPU.Build.0 = Debug|Any CPU
		{39C880B3-358B-4866-886B-B6125B5BF0A4}.Release|Any CPU.ActiveCfg = Release|Any CPU
		{39C880B3-358B-4866-886B-B6125B5BF0A4}.Release|Any CPU.Build.0 = Release|Any CPU
	EndGlobalSection
	GlobalSection(SolutionProperties) = preSolution
		HideSolutionNode = FALSE
	EndGlobalSection
	GlobalSection(ExtensibilityGlobals) = postSolution
		SolutionGuid = {853132EB-1547-48A1-BF66-932B910F217C}
	EndGlobalSection
EndGlobal
